
Microsoft Visual Studio Solution File, Format Version 12.00
# Visual Studio Version 17
VisualStudioVersion = 17.11.35303.130
MinimumVisualStudioVersion = 10.0.40219.1
Project("{9A19103F-16F7-4668-BE54-9A1E7A4F7556}") = "BuildingBlocks", "..\src\BuildingBlocks\BuildingBlocks\BuildingBlocks.csproj", "{11B1AB5E-ACA0-47FC-B410-AB1C73A6CC34}"
EndProject
Project("{9A19103F-16F7-4668-BE54-9A1E7A4F7556}") = "BuildingBlocks.Messaging", "..\src\BuildingBlocks\BuildingBlocks.Messaging\BuildingBlocks.Messaging.csproj", "{D6438092-BB74-4627-8562-70460A20219F}"
EndProject
Global
	GlobalSection(SolutionConfigurationPlatforms) = preSolution
		Debug|Any CPU = Debug|Any CPU
		Release|Any CPU = Release|Any CPU
	EndGlobalSection
	GlobalSection(ProjectConfigurationPlatforms) = postSolution
		{11B1AB5E-ACA0-47FC-B410-AB1C73A6CC34}.Debug|Any CPU.ActiveCfg = Debug|Any CPU
		{11B1AB5E-ACA0-47FC-B410-AB1C73A6CC34}.Debug|Any CPU.Build.0 = Debug|Any CPU
		{11B1AB5E-ACA0-47FC-B410-AB1C73A6CC34}.Release|Any CPU.ActiveCfg = Release|Any CPU
		{11B1AB5E-ACA0-47FC-B410-AB1C73A6CC34}.Release|Any CPU.Build.0 = Release|Any CPU
		{D6438092-BB74-4627-8562-70460A20219F}.Debug|Any CPU.ActiveCfg = Debug|Any CPU
		{D6438092-BB74-4627-8562-70460A20219F}.Debug|Any CPU.Build.0 = Debug|Any CPU
		{D6438092-BB74-4627-8562-70460A20219F}.Release|Any CPU.ActiveCfg = Release|Any CPU
		{D6438092-BB74-4627-8562-70460A20219F}.Release|Any CPU.Build.0 = Release|Any CPU
	EndGlobalSection
	GlobalSection(SolutionProperties) = preSolution
		HideSolutionNode = FALSE
	EndGlobalSection
	GlobalSection(ExtensibilityGlobals) = postSolution
		SolutionGuid = {3DBCF485-BBF2-4A7D-A35F-3162945A6355}
	EndGlobalSection
EndGlobal
